
Microsoft Visual Studio Solution File, Format Version 12.00
# Visual Studio Version 16
VisualStudioVersion = 16.0.31025.194
MinimumVisualStudioVersion = 10.0.40219.1
Project("{FAE04EC0-301F-11D3-BF4B-00C04F79EFBC}") = "Stackoverflow", "Stackoverflow\Stackoverflow.csproj", "{40C4539F-BF73-43FD-8242-D93FE3565B67}"
EndProject
Global
	GlobalSection(SolutionConfigurationPlatforms) = preSolution
		Debug|Any CPU = Debug|Any CPU
		Release|Any CPU = Release|Any CPU
	EndGlobalSection
	GlobalSection(ProjectConfigurationPlatforms) = postSolution
		{40C4539F-BF73-43FD-8242-D93FE3565B67}.Debug|Any CPU.ActiveCfg = Debug|Any CPU
		{40C4539F-BF73-43FD-8242-D93FE3565B67}.Debug|Any CPU.Build.0 = Debug|Any CPU
		{40C4539F-BF73-43FD-8242-D93FE3565B67}.Release|Any CPU.ActiveCfg = Release|Any CPU
		{40C4539F-BF73-43FD-8242-D93FE3565B67}.Release|Any CPU.Build.0 = Release|Any CPU
	EndGlobalSection
	GlobalSection(SolutionProperties) = preSolution
		HideSolutionNode = FALSE
	EndGlobalSection
	GlobalSection(ExtensibilityGlobals) = postSolution
		SolutionGuid = {9F982DC7-C758-487D-BEBD-E31643FA6929}
	EndGlobalSection
EndGlobal
